
Microsoft Visual Studio Solution File, Format Version 12.00
# Visual Studio Version 17
VisualStudioVersion = 17.8.34330.188
MinimumVisualStudioVersion = 10.0.40219.1
Project("{9A19103F-16F7-4668-BE54-9A1E7A4F7556}") = "EP_QRisk3", "EP_QRisk3\EP_QRisk3.csproj", "{E69E171B-8160-4788-BDE4-7880BAC6D7DB}"
EndProject
Project("{2150E333-8FDC-42A3-9474-1A3956D46DE8}") = "UnitTests", "UnitTests", "{2C1B09C6-59A0-4CA7-BE38-33294948C307}"
EndProject
Project("{2150E333-8FDC-42A3-9474-1A3956D46DE8}") = "TEMP (move to NUGET)", "TEMP (move to NUGET)", "{A17273D1-D9E1-4562-A11A-B60B0719C275}"
EndProject
Project("{9A19103F-16F7-4668-BE54-9A1E7A4F7556}") = "ep_models", "..\ep-models\ep_models.csproj", "{84B0C846-8FA7-47BF-9F27-FC9C260B2271}"
EndProject
Project("{9A19103F-16F7-4668-BE54-9A1E7A4F7556}") = "ep_service", "..\ep-services\ep-service\ep_service.csproj", "{9ABC755A-0591-47C9-95A2-D5112B3EF710}"
EndProject
Project("{9A19103F-16F7-4668-BE54-9A1E7A4F7556}") = "test-packs", "..\test-packs\test-packs.DOTNET\test-packs.csproj", "{103B008C-6C28-4ADC-A602-EF11C54AC256}"
EndProject
Project("{9A19103F-16F7-4668-BE54-9A1E7A4F7556}") = "QRISK3-EH", "..\qrisk3\Engine\QRISK3-EH.csproj", "{AE437F97-AA02-42C0-A104-77F05558DA07}"
EndProject
Project("{9A19103F-16F7-4668-BE54-9A1E7A4F7556}") = "EP_QRisk3.Batch", "EP_QRisk3.Batch\EP_QRisk3.Batch.csproj", "{3683D641-E1C8-4F41-97ED-6901A07513F4}"
EndProject
Project("{9A19103F-16F7-4668-BE54-9A1E7A4F7556}") = "EP_QRisk3.Tests", "EP_QRisk3.Engine.Tests\EP_QRisk3.Tests.csproj", "{AB020F5D-7A02-4A66-A7BB-CAC6103A3D68}"
EndProject
Global
	GlobalSection(SolutionConfigurationPlatforms) = preSolution
		Debug|Any CPU = Debug|Any CPU
		Release|Any CPU = Release|Any CPU
	EndGlobalSection
	GlobalSection(ProjectConfigurationPlatforms) = postSolution
		{E69E171B-8160-4788-BDE4-7880BAC6D7DB}.Debug|Any CPU.ActiveCfg = Debug|Any CPU
		{E69E171B-8160-4788-BDE4-7880BAC6D7DB}.Debug|Any CPU.Build.0 = Debug|Any CPU
		{E69E171B-8160-4788-BDE4-7880BAC6D7DB}.Release|Any CPU.ActiveCfg = Release|Any CPU
		{E69E171B-8160-4788-BDE4-7880BAC6D7DB}.Release|Any CPU.Build.0 = Release|Any CPU
		{84B0C846-8FA7-47BF-9F27-FC9C260B2271}.Debug|Any CPU.ActiveCfg = Debug|Any CPU
		{84B0C846-8FA7-47BF-9F27-FC9C260B2271}.Debug|Any CPU.Build.0 = Debug|Any CPU
		{84B0C846-8FA7-47BF-9F27-FC9C260B2271}.Release|Any CPU.ActiveCfg = Release|Any CPU
		{84B0C846-8FA7-47BF-9F27-FC9C260B2271}.Release|Any CPU.Build.0 = Release|Any CPU
		{9ABC755A-0591-47C9-95A2-D5112B3EF710}.Debug|Any CPU.ActiveCfg = Debug|Any CPU
		{9ABC755A-0591-47C9-95A2-D5112B3EF710}.Debug|Any CPU.Build.0 = Debug|Any CPU
		{9ABC755A-0591-47C9-95A2-D5112B3EF710}.Release|Any CPU.ActiveCfg = Release|Any CPU
		{9ABC755A-0591-47C9-95A2-D5112B3EF710}.Release|Any CPU.Build.0 = Release|Any CPU
		{103B008C-6C28-4ADC-A602-EF11C54AC256}.Debug|Any CPU.ActiveCfg = Debug|Any CPU
		{103B008C-6C28-4ADC-A602-EF11C54AC256}.Debug|Any CPU.Build.0 = Debug|Any CPU
		{103B008C-6C28-4ADC-A602-EF11C54AC256}.Release|Any CPU.ActiveCfg = Release|Any CPU
		{103B008C-6C28-4ADC-A602-EF11C54AC256}.Release|Any CPU.Build.0 = Release|Any CPU
		{AE437F97-AA02-42C0-A104-77F05558DA07}.Debug|Any CPU.ActiveCfg = Debug|Any CPU
		{AE437F97-AA02-42C0-A104-77F05558DA07}.Debug|Any CPU.Build.0 = Debug|Any CPU
		{AE437F97-AA02-42C0-A104-77F05558DA07}.Release|Any CPU.ActiveCfg = Release|Any CPU
		{AE437F97-AA02-42C0-A104-77F05558DA07}.Release|Any CPU.Build.0 = Release|Any CPU
		{3683D641-E1C8-4F41-97ED-6901A07513F4}.Debug|Any CPU.ActiveCfg = Debug|Any CPU
		{3683D641-E1C8-4F41-97ED-6901A07513F4}.Debug|Any CPU.Build.0 = Debug|Any CPU
		{3683D641-E1C8-4F41-97ED-6901A07513F4}.Release|Any CPU.ActiveCfg = Release|Any CPU
		{3683D641-E1C8-4F41-97ED-6901A07513F4}.Release|Any CPU.Build.0 = Release|Any CPU
		{AB020F5D-7A02-4A66-A7BB-CAC6103A3D68}.Debug|Any CPU.ActiveCfg = Debug|Any CPU
		{AB020F5D-7A02-4A66-A7BB-CAC6103A3D68}.Debug|Any CPU.Build.0 = Debug|Any CPU
		{AB020F5D-7A02-4A66-A7BB-CAC6103A3D68}.Release|Any CPU.ActiveCfg = Release|Any CPU
		{AB020F5D-7A02-4A66-A7BB-CAC6103A3D68}.Release|Any CPU.Build.0 = Release|Any CPU
	EndGlobalSection
	GlobalSection(SolutionProperties) = preSolution
		HideSolutionNode = FALSE
	EndGlobalSection
	GlobalSection(NestedProjects) = preSolution
		{84B0C846-8FA7-47BF-9F27-FC9C260B2271} = {A17273D1-D9E1-4562-A11A-B60B0719C275}
		{9ABC755A-0591-47C9-95A2-D5112B3EF710} = {A17273D1-D9E1-4562-A11A-B60B0719C275}
		{103B008C-6C28-4ADC-A602-EF11C54AC256} = {A17273D1-D9E1-4562-A11A-B60B0719C275}
		{AE437F97-AA02-42C0-A104-77F05558DA07} = {A17273D1-D9E1-4562-A11A-B60B0719C275}
		{AB020F5D-7A02-4A66-A7BB-CAC6103A3D68} = {2C1B09C6-59A0-4CA7-BE38-33294948C307}
	EndGlobalSection
	GlobalSection(ExtensibilityGlobals) = postSolution
		SolutionGuid = {B973BAD5-C575-4171-A700-8674F4266109}
	EndGlobalSection
EndGlobal
