
Microsoft Visual Studio Solution File, Format Version 12.00
# Visual Studio Version 17
VisualStudioVersion = 17.8.34330.188
MinimumVisualStudioVersion = 10.0.40219.1
Project("{2150E333-8FDC-42A3-9474-1A3956D46DE8}") = "00_Supplied", "00_Supplied", "{605D0EC0-58BA-4C39-925D-64D17A45C091}"
EndProject
Project("{9A19103F-16F7-4668-BE54-9A1E7A4F7556}") = "QRISK3-EH", "_SUPPLIED\Engine\QRISK3-EH.csproj", "{D6A43CBB-81C3-424E-A75A-27F71F861B99}"
EndProject
Project("{9A19103F-16F7-4668-BE54-9A1E7A4F7556}") = "QRisk3-API", "QRisk3.API\QRisk3-API.csproj", "{8C3413C2-7075-4925-B065-6D869665277F}"
EndProject
Project("{9A19103F-16F7-4668-BE54-9A1E7A4F7556}") = "QRisk3.API.Tests", "QRisk3.API.Tests\QRisk3.API.Tests.csproj", "{A064E283-332F-4A52-A9C2-817D56B4848B}"
EndProject
Project("{9A19103F-16F7-4668-BE54-9A1E7A4F7556}") = "QRisk3.Engine.Tests", "QRisk3.Engine.Tests\QRisk3.Engine.Tests.csproj", "{196D9F82-7F09-4ED1-8916-BA65D5353C6A}"
EndProject
Global
	GlobalSection(SolutionConfigurationPlatforms) = preSolution
		Debug|Any CPU = Debug|Any CPU
		Release|Any CPU = Release|Any CPU
	EndGlobalSection
	GlobalSection(ProjectConfigurationPlatforms) = postSolution
		{D6A43CBB-81C3-424E-A75A-27F71F861B99}.Debug|Any CPU.ActiveCfg = Debug|Any CPU
		{D6A43CBB-81C3-424E-A75A-27F71F861B99}.Debug|Any CPU.Build.0 = Debug|Any CPU
		{D6A43CBB-81C3-424E-A75A-27F71F861B99}.Release|Any CPU.ActiveCfg = Release|Any CPU
		{D6A43CBB-81C3-424E-A75A-27F71F861B99}.Release|Any CPU.Build.0 = Release|Any CPU
		{8C3413C2-7075-4925-B065-6D869665277F}.Debug|Any CPU.ActiveCfg = Debug|Any CPU
		{8C3413C2-7075-4925-B065-6D869665277F}.Debug|Any CPU.Build.0 = Debug|Any CPU
		{8C3413C2-7075-4925-B065-6D869665277F}.Release|Any CPU.ActiveCfg = Release|Any CPU
		{8C3413C2-7075-4925-B065-6D869665277F}.Release|Any CPU.Build.0 = Release|Any CPU
		{A064E283-332F-4A52-A9C2-817D56B4848B}.Debug|Any CPU.ActiveCfg = Debug|Any CPU
		{A064E283-332F-4A52-A9C2-817D56B4848B}.Debug|Any CPU.Build.0 = Debug|Any CPU
		{A064E283-332F-4A52-A9C2-817D56B4848B}.Release|Any CPU.ActiveCfg = Release|Any CPU
		{A064E283-332F-4A52-A9C2-817D56B4848B}.Release|Any CPU.Build.0 = Release|Any CPU
		{196D9F82-7F09-4ED1-8916-BA65D5353C6A}.Debug|Any CPU.ActiveCfg = Debug|Any CPU
		{196D9F82-7F09-4ED1-8916-BA65D5353C6A}.Debug|Any CPU.Build.0 = Debug|Any CPU
		{196D9F82-7F09-4ED1-8916-BA65D5353C6A}.Release|Any CPU.ActiveCfg = Release|Any CPU
		{196D9F82-7F09-4ED1-8916-BA65D5353C6A}.Release|Any CPU.Build.0 = Release|Any CPU
	EndGlobalSection
	GlobalSection(SolutionProperties) = preSolution
		HideSolutionNode = FALSE
	EndGlobalSection
	GlobalSection(NestedProjects) = preSolution
		{D6A43CBB-81C3-424E-A75A-27F71F861B99} = {605D0EC0-58BA-4C39-925D-64D17A45C091}
	EndGlobalSection
	GlobalSection(ExtensibilityGlobals) = postSolution
		SolutionGuid = {B973BAD5-C575-4171-A700-8674F4266109}
	EndGlobalSection
EndGlobal
